Microsoft Visual Studio Solution File, Format Version 12.00
# Visual Studio 2012
Project("{FAE04EC0-301F-11D3-BF4B-00C04F79EFBC}") = "TheContest", "TheContest.csproj", "{16DE2B56-5513-4477-92BD-F599C2C2BBCA}"
EndProject
Global
	GlobalSection(SolutionConfigurationPlatforms) = preSolution
	Debug|Any CPU = Debug|Any CPU
	ExportDebug|Any CPU = ExportDebug|Any CPU
	ExportRelease|Any CPU = ExportRelease|Any CPU
	EndGlobalSection
	GlobalSection(ProjectConfigurationPlatforms) = postSolution
		{16DE2B56-5513-4477-92BD-F599C2C2BBCA}.Debug|Any CPU.ActiveCfg = Debug|Any CPU
		{16DE2B56-5513-4477-92BD-F599C2C2BBCA}.Debug|Any CPU.Build.0 = Debug|Any CPU
		{16DE2B56-5513-4477-92BD-F599C2C2BBCA}.ExportDebug|Any CPU.ActiveCfg = ExportDebug|Any CPU
		{16DE2B56-5513-4477-92BD-F599C2C2BBCA}.ExportDebug|Any CPU.Build.0 = ExportDebug|Any CPU
		{16DE2B56-5513-4477-92BD-F599C2C2BBCA}.ExportRelease|Any CPU.ActiveCfg = ExportRelease|Any CPU
		{16DE2B56-5513-4477-92BD-F599C2C2BBCA}.ExportRelease|Any CPU.Build.0 = ExportRelease|Any CPU
	EndGlobalSection
EndGlobal
